
Microsoft Visual Studio Solution File, Format Version 12.00
# Visual Studio Version 17
VisualStudioVersion = 17.13.35828.75 d17.13
MinimumVisualStudioVersion = 10.0.40219.1
Project("{2150E333-8FDC-42A3-9474-1A3956D46DE8}") = "Core", "Core", "{02EA681E-C7D8-13C7-8484-4AC65E1B71E8}"
EndProject
Project("{2150E333-8FDC-42A3-9474-1A3956D46DE8}") = "Infastructure", "Infastructure", "{43CB255B-80B8-4FF3-B772-885014C51B1B}"
EndProject
Project("{2150E333-8FDC-42A3-9474-1A3956D46DE8}") = "Presentation", "Presentation", "{E8386413-A6E3-4197-B4AA-5A1B37013679}"
EndProject
Project("{FAE04EC0-301F-11D3-BF4B-00C04F79EFBC}") = "OAPortfolio.Domain", "Core\OAPortfolio.Domain\OAPortfolio.Domain.csproj", "{2DF6B96E-C2A9-4C69-8F0E-DE943E747F9A}"
EndProject
Project("{FAE04EC0-301F-11D3-BF4B-00C04F79EFBC}") = "OAPortfolio.Application", "Core\OAPortfolio.Application\OAPortfolio.Application.csproj", "{1502B588-6E5C-4858-B394-2C327C039B12}"
EndProject
Project("{FAE04EC0-301F-11D3-BF4B-00C04F79EFBC}") = "OAPortfolio.Infastructure", "Infastructure\OAPortfolio.Infastructure\OAPortfolio.Infastructure.csproj", "{BC748DB5-882C-419C-9AC0-4249471009B6}"
EndProject
Project("{FAE04EC0-301F-11D3-BF4B-00C04F79EFBC}") = "OAPortfolio.Persistence", "Infastructure\OAPortfolio.Persistence\OAPortfolio.Persistence.csproj", "{DBD07179-5896-4FB6-910B-8140A2153E9B}"
EndProject
Project("{FAE04EC0-301F-11D3-BF4B-00C04F79EFBC}") = "OAPortfolio.WebApi", "Presentation\OAPortfolio.WebApi\OAPortfolio.WebApi.csproj", "{DD0958AA-A744-4152-BCAA-75F911AD1B34}"
EndProject
Global
	GlobalSection(SolutionConfigurationPlatforms) = preSolution
		Debug|Any CPU = Debug|Any CPU
		Release|Any CPU = Release|Any CPU
	EndGlobalSection
	GlobalSection(ProjectConfigurationPlatforms) = postSolution
		{2DF6B96E-C2A9-4C69-8F0E-DE943E747F9A}.Debug|Any CPU.ActiveCfg = Debug|Any CPU
		{2DF6B96E-C2A9-4C69-8F0E-DE943E747F9A}.Debug|Any CPU.Build.0 = Debug|Any CPU
		{2DF6B96E-C2A9-4C69-8F0E-DE943E747F9A}.Release|Any CPU.ActiveCfg = Release|Any CPU
		{2DF6B96E-C2A9-4C69-8F0E-DE943E747F9A}.Release|Any CPU.Build.0 = Release|Any CPU
		{1502B588-6E5C-4858-B394-2C327C039B12}.Debug|Any CPU.ActiveCfg = Debug|Any CPU
		{1502B588-6E5C-4858-B394-2C327C039B12}.Debug|Any CPU.Build.0 = Debug|Any CPU
		{1502B588-6E5C-4858-B394-2C327C039B12}.Release|Any CPU.ActiveCfg = Release|Any CPU
		{1502B588-6E5C-4858-B394-2C327C039B12}.Release|Any CPU.Build.0 = Release|Any CPU
		{BC748DB5-882C-419C-9AC0-4249471009B6}.Debug|Any CPU.ActiveCfg = Debug|Any CPU
		{BC748DB5-882C-419C-9AC0-4249471009B6}.Debug|Any CPU.Build.0 = Debug|Any CPU
		{BC748DB5-882C-419C-9AC0-4249471009B6}.Release|Any CPU.ActiveCfg = Release|Any CPU
		{BC748DB5-882C-419C-9AC0-4249471009B6}.Release|Any CPU.Build.0 = Release|Any CPU
		{DBD07179-5896-4FB6-910B-8140A2153E9B}.Debug|Any CPU.ActiveCfg = Debug|Any CPU
		{DBD07179-5896-4FB6-910B-8140A2153E9B}.Debug|Any CPU.Build.0 = Debug|Any CPU
		{DBD07179-5896-4FB6-910B-8140A2153E9B}.Release|Any CPU.ActiveCfg = Release|Any CPU
		{DBD07179-5896-4FB6-910B-8140A2153E9B}.Release|Any CPU.Build.0 = Release|Any CPU
		{DD0958AA-A744-4152-BCAA-75F911AD1B34}.Debug|Any CPU.ActiveCfg = Debug|Any CPU
		{DD0958AA-A744-4152-BCAA-75F911AD1B34}.Debug|Any CPU.Build.0 = Debug|Any CPU
		{DD0958AA-A744-4152-BCAA-75F911AD1B34}.Release|Any CPU.ActiveCfg = Release|Any CPU
		{DD0958AA-A744-4152-BCAA-75F911AD1B34}.Release|Any CPU.Build.0 = Release|Any CPU
	EndGlobalSection
	GlobalSection(SolutionProperties) = preSolution
		HideSolutionNode = FALSE
	EndGlobalSection
	GlobalSection(NestedProjects) = preSolution
		{2DF6B96E-C2A9-4C69-8F0E-DE943E747F9A} = {02EA681E-C7D8-13C7-8484-4AC65E1B71E8}
		{1502B588-6E5C-4858-B394-2C327C039B12} = {02EA681E-C7D8-13C7-8484-4AC65E1B71E8}
		{BC748DB5-882C-419C-9AC0-4249471009B6} = {43CB255B-80B8-4FF3-B772-885014C51B1B}
		{DBD07179-5896-4FB6-910B-8140A2153E9B} = {43CB255B-80B8-4FF3-B772-885014C51B1B}
		{DD0958AA-A744-4152-BCAA-75F911AD1B34} = {E8386413-A6E3-4197-B4AA-5A1B37013679}
	EndGlobalSection
	GlobalSection(ExtensibilityGlobals) = postSolution
		SolutionGuid = {FFD81F25-AB27-4646-AF96-B4263F7A72A7}
	EndGlobalSection
EndGlobal
